
Microsoft Visual Studio Solution File, Format Version 12.00
# Visual Studio Version 16
VisualStudioVersion = 16.0.30717.126
MinimumVisualStudioVersion = 10.0.40219.1
Project("{FAE04EC0-301F-11D3-BF4B-00C04F79EFBC}") = "Cas30", "Cas30\Cas30.csproj", "{8FABA2B5-D4CF-46B0-A010-669EB770B931}"
EndProject
Global
	GlobalSection(SolutionConfigurationPlatforms) = preSolution
		Debug|Any CPU = Debug|Any CPU
		Release|Any CPU = Release|Any CPU
	EndGlobalSection
	GlobalSection(ProjectConfigurationPlatforms) = postSolution
		{8FABA2B5-D4CF-46B0-A010-669EB770B931}.Debug|Any CPU.ActiveCfg = Debug|Any CPU
		{8FABA2B5-D4CF-46B0-A010-669EB770B931}.Debug|Any CPU.Build.0 = Debug|Any CPU
		{8FABA2B5-D4CF-46B0-A010-669EB770B931}.Release|Any CPU.ActiveCfg = Release|Any CPU
		{8FABA2B5-D4CF-46B0-A010-669EB770B931}.Release|Any CPU.Build.0 = Release|Any CPU
	EndGlobalSection
	GlobalSection(SolutionProperties) = preSolution
		HideSolutionNode = FALSE
	EndGlobalSection
	GlobalSection(ExtensibilityGlobals) = postSolution
		SolutionGuid = {915DF78F-80B9-43C7-AB90-62FB2F773F7F}
	EndGlobalSection
EndGlobal
